// !$*UTF8*$!
{
	archiveVersion = 1;
	classes = {
	};
	objectVersion = 46;
	objects = {

/* Begin PBXBuildFile section */
		247AD1EE36CF348A4F725781 /* libPods-WeexOCMarry.a in Frameworks */ = {isa = PBXBuildFile; fileRef = D91EECE4A3BA1AEFE8ED3743 /* libPods-WeexOCMarry.a */; };
		9B8751361D1D591A00132FEC /* main.m in Sources */ = {isa = PBXBuildFile; fileRef = 9B8751351D1D591A00132FEC /* main.m */; };
		9B8751391D1D591A00132FEC /* AppDelegate.m in Sources */ = {isa = PBXBuildFile; fileRef = 9B8751381D1D591A00132FEC /* AppDelegate.m */; };
		9B87513C1D1D591A00132FEC /* ViewController.m in Sources */ = {isa = PBXBuildFile; fileRef = 9B87513B1D1D591A00132FEC /* ViewController.m */; };
		9B87513F1D1D591A00132FEC /* Main.storyboard in Resources */ = {isa = PBXBuildFile; fileRef = 9B87513D1D1D591A00132FEC /* Main.storyboard */; };
		9B8751411D1D591A00132FEC /* Assets.xcassets in Resources */ = {isa = PBXBuildFile; fileRef = 9B8751401D1D591A00132FEC /* Assets.xcassets */; };
		9B8751441D1D591A00132FEC /* LaunchScreen.storyboard in Resources */ = {isa = PBXBuildFile; fileRef = 9B8751421D1D591A00132FEC /* LaunchScreen.storyboard */; };
		9B87514F1D1D591A00132FEC /* WeexOCMarryTests.m in Sources */ = {isa = PBXBuildFile; fileRef = 9B87514E1D1D591A00132FEC /* WeexOCMarryTests.m */; };
		9B87515A1D1D591A00132FEC /* WeexOCMarryUITests.m in Sources */ = {isa = PBXBuildFile; fileRef = 9B8751591D1D591A00132FEC /* WeexOCMarryUITests.m */; };
/* End PBXBuildFile section */

/* Begin PBXContainerItemProxy section */
		9B87514B1D1D591A00132FEC /* PBXContainerItemProxy */ = {
			isa = PBXContainerItemProxy;
			containerPortal = 9B8751291D1D591A00132FEC /* Project object */;
			proxyType = 1;
			remoteGlobalIDString = 9B8751301D1D591A00132FEC;
			remoteInfo = WeexOCMarry;
		};
		9B8751561D1D591A00132FEC /* PBXContainerItemProxy */ = {
			isa = PBXContainerItemProxy;
			containerPortal = 9B8751291D1D591A00132FEC /* Project object */;
			proxyType = 1;
			remoteGlobalIDString = 9B8751301D1D591A00132FEC;
			remoteInfo = WeexOCMarry;
		};
/* End PBXContainerItemProxy section */

/* Begin PBXFileReference section */
		2D41AF34746A023169913E58 /* Pods-WeexOCMarry.release.xcconfig */ = {isa = PBXFileReference; includeInIndex = 1; lastKnownFileType = text.xcconfig; name = "Pods-WeexOCMarry.release.xcconfig"; path = "Pods/Target Support Files/Pods-WeexOCMarry/Pods-WeexOCMarry.release.xcconfig"; sourceTree = "<group>"; };
		9B8751311D1D591A00132FEC /* WeexOCMarry.app */ = {isa = PBXFileReference; explicitFileType = wrapper.application; includeInIndex = 0; path = WeexOCMarry.app; sourceTree = BUILT_PRODUCTS_DIR; };
		9B8751351D1D591A00132FEC /* main.m */ = {isa = PBXFileReference; lastKnownFileType = sourcecode.c.objc; path = main.m; sourceTree = "<group>"; };
		9B8751371D1D591A00132FEC /* AppDelegate.h */ = {isa = PBXFileReference; lastKnownFileType = sourcecode.c.h; path = AppDelegate.h; sourceTree = "<group>"; };
		9B8751381D1D591A00132FEC /* AppDelegate.m */ = {isa = PBXFileReference; lastKnownFileType = sourcecode.c.objc; path = AppDelegate.m; sourceTree = "<group>"; };
		9B87513A1D1D591A00132FEC /* ViewController.h */ = {isa = PBXFileReference; lastKnownFileType = sourcecode.c.h; path = ViewController.h; sourceTree = "<group>"; };
		9B87513B1D1D591A00132FEC /* ViewController.m */ = {isa = PBXFileReference; lastKnownFileType = sourcecode.c.objc; path = ViewController.m; sourceTree = "<group>"; };
		9B87513E1D1D591A00132FEC /* Base */ = {isa = PBXFileReference; lastKnownFileType = file.storyboard; name = Base; path = Base.lproj/Main.storyboard; sourceTree = "<group>"; };
		9B8751401D1D591A00132FEC /* Assets.xcassets */ = {isa = PBXFileReference; lastKnownFileType = folder.assetcatalog; path = Assets.xcassets; sourceTree = "<group>"; };
		9B8751431D1D591A00132FEC /* Base */ = {isa = PBXFileReference; lastKnownFileType = file.storyboard; name = Base; path = Base.lproj/LaunchScreen.storyboard; sourceTree = "<group>"; };
		9B8751451D1D591A00132FEC /* Info.plist */ = {isa = PBXFileReference; lastKnownFileType = text.plist.xml; path = Info.plist; sourceTree = "<group>"; };
		9B87514A1D1D591A00132FEC /* WeexOCMarryTests.xctest */ = {isa = PBXFileReference; explicitFileType = wrapper.cfbundle; includeInIndex = 0; path = WeexOCMarryTests.xctest; sourceTree = BUILT_PRODUCTS_DIR; };
		9B87514E1D1D591A00132FEC /* WeexOCMarryTests.m */ = {isa = PBXFileReference; lastKnownFileType = sourcecode.c.objc; path = WeexOCMarryTests.m; sourceTree = "<group>"; };
		9B8751501D1D591A00132FEC /* Info.plist */ = {isa = PBXFileReference; lastKnownFileType = text.plist.xml; path = Info.plist; sourceTree = "<group>"; };
		9B8751551D1D591A00132FEC /* WeexOCMarryUITests.xctest */ = {isa = PBXFileReference; explicitFileType = wrapper.cfbundle; includeInIndex = 0; path = WeexOCMarryUITests.xctest; sourceTree = BUILT_PRODUCTS_DIR; };
		9B8751591D1D591A00132FEC /* WeexOCMarryUITests.m */ = {isa = PBXFileReference; lastKnownFileType = sourcecode.c.objc; path = WeexOCMarryUITests.m; sourceTree = "<group>"; };
		9B87515B1D1D591A00132FEC /* Info.plist */ = {isa = PBXFileReference; lastKnownFileType = text.plist.xml; path = Info.plist; sourceTree = "<group>"; };
		D91EECE4A3BA1AEFE8ED3743 /* libPods-WeexOCMarry.a */ = {isa = PBXFileReference; explicitFileType = archive.ar; includeInIndex = 0; path = "libPods-WeexOCMarry.a"; sourceTree = BUILT_PRODUCTS_DIR; };
		FA425629AD0ABDBB413F088D /* Pods-WeexOCMarry.debug.xcconfig */ = {isa = PBXFileReference; includeInIndex = 1; lastKnownFileType = text.xcconfig; name = "Pods-WeexOCMarry.debug.xcconfig"; path = "Pods/Target Support Files/Pods-WeexOCMarry/Pods-WeexOCMarry.debug.xcconfig"; sourceTree = "<group>"; };
/* End PBXFileReference section */

/* Begin PBXFrameworksBuildPhase section */
		9B87512E1D1D591A00132FEC /* Frameworks */ = {
			isa = PBXFrameworksBuildPhase;
			buildActionMask = 2147483647;
			files = (
				247AD1EE36CF348A4F725781 /* libPods-WeexOCMarry.a in Frameworks */,
			);
			runOnlyForDeploymentPostprocessing = 0;
		};
		9B8751471D1D591A00132FEC /* Frameworks */ = {
			isa = PBXFrameworksBuildPhase;
			buildActionMask = 2147483647;
			files = (
			);
			runOnlyForDeploymentPostprocessing = 0;
		};
		9B8751521D1D591A00132FEC /* Frameworks */ = {
			isa = PBXFrameworksBuildPhase;
			buildActionMask = 2147483647;
			files = (
			);
			runOnlyForDeploymentPostprocessing = 0;
		};
/* End PBXFrameworksBuildPhase section */

/* Begin PBXGroup section */
		18946C22C52DB723D292BBE0 /* Pods */ = {
			isa = PBXGroup;
			children = (
				FA425629AD0ABDBB413F088D /* Pods-WeexOCMarry.debug.xcconfig */,
				2D41AF34746A023169913E58 /* Pods-WeexOCMarry.release.xcconfig */,
			);
			name = Pods;
			sourceTree = "<group>";
		};
		9B8751281D1D591A00132FEC = {
			isa = PBXGroup;
			children = (
				9B8751331D1D591A00132FEC /* WeexOCMarry */,
				9B87514D1D1D591A00132FEC /* WeexOCMarryTests */,
				9B8751581D1D591A00132FEC /* WeexOCMarryUITests */,
				9B8751321D1D591A00132FEC /* Products */,
				18946C22C52DB723D292BBE0 /* Pods */,
				BAF443AA53CEBADC3BB1DCFF /* Frameworks */,
			);
			sourceTree = "<group>";
		};
		9B8751321D1D591A00132FEC /* Products */ = {
			isa = PBXGroup;
			children = (
				9B8751311D1D591A00132FEC /* WeexOCMarry.app */,
				9B87514A1D1D591A00132FEC /* WeexOCMarryTests.xctest */,
				9B8751551D1D591A00132FEC /* WeexOCMarryUITests.xctest */,
			);
			name = Products;
			sourceTree = "<group>";
		};
		9B8751331D1D591A00132FEC /* WeexOCMarry */ = {
			isa = PBXGroup;
			children = (
				9B8751371D1D591A00132FEC /* AppDelegate.h */,
				9B8751381D1D591A00132FEC /* AppDelegate.m */,
				9B87513A1D1D591A00132FEC /* ViewController.h */,
				9B87513B1D1D591A00132FEC /* ViewController.m */,
				9B87513D1D1D591A00132FEC /* Main.storyboard */,
				9B8751401D1D591A00132FEC /* Assets.xcassets */,
				9B8751421D1D591A00132FEC /* LaunchScreen.storyboard */,
				9B8751451D1D591A00132FEC /* Info.plist */,
				9B8751341D1D591A00132FEC /* Supporting Files */,
			);
			path = WeexOCMarry;
			sourceTree = "<group>";
		};
		9B8751341D1D591A00132FEC /* Supporting Files */ = {
			isa = PBXGroup;
			children = (
				9B8751351D1D591A00132FEC /* main.m */,
			);
			name = "Supporting Files";
			sourceTree = "<group>";
		};
		9B87514D1D1D591A00132FEC /* WeexOCMarryTests */ = {
			isa = PBXGroup;
			children = (
				9B87514E1D1D591A00132FEC /* WeexOCMarryTests.m */,
				9B8751501D1D591A00132FEC /* Info.plist */,
			);
			path = WeexOCMarryTests;
			sourceTree = "<group>";
		};
		9B8751581D1D591A00132FEC /* WeexOCMarryUITests */ = {
			isa = PBXGroup;
			children = (
				9B8751591D1D591A00132FEC /* WeexOCMarryUITests.m */,
				9B87515B1D1D591A00132FEC /* Info.plist */,
			);
			path = WeexOCMarryUITests;
			sourceTree = "<group>";
		};
		BAF443AA53CEBADC3BB1DCFF /* Frameworks */ = {
			isa = PBXGroup;
			children = (
				D91EECE4A3BA1AEFE8ED3743 /* libPods-WeexOCMarry.a */,
			);
			name = Frameworks;
			sourceTree = "<group>";
		};
/* End PBXGroup section */

/* Begin PBXNativeTarget section */
		9B8751301D1D591A00132FEC /* WeexOCMarry */ = {
			isa = PBXNativeTarget;
			buildConfigurationList = 9B87515E1D1D591A00132FEC /* Build configuration list for PBXNativeTarget "WeexOCMarry" */;
			buildPhases = (
				55FF81C7B73E29DB040F02B7 /* Check Pods Manifest.lock */,
				9B87512D1D1D591A00132FEC /* Sources */,
				9B87512E1D1D591A00132FEC /* Frameworks */,
				9B87512F1D1D591A00132FEC /* Resources */,
				A26626562E7FB9BC141AFD65 /* Embed Pods Frameworks */,
				FB5F21C7B22BB203A3EE7B67 /* Copy Pods Resources */,
			);
			buildRules = (
			);
			dependencies = (
			);
			name = WeexOCMarry;
			productName = WeexOCMarry;
			productReference = 9B8751311D1D591A00132FEC /* WeexOCMarry.app */;
			productType = "com.apple.product-type.application";
		};
		9B8751491D1D591A00132FEC /* WeexOCMarryTests */ = {
			isa = PBXNativeTarget;
			buildConfigurationList = 9B8751611D1D591A00132FEC /* Build configuration list for PBXNativeTarget "WeexOCMarryTests" */;
			buildPhases = (
				9B8751461D1D591A00132FEC /* Sources */,
				9B8751471D1D591A00132FEC /* Frameworks */,
				9B8751481D1D591A00132FEC /* Resources */,
			);
			buildRules = (
			);
			dependencies = (
				9B87514C1D1D591A00132FEC /* PBXTargetDependency */,
			);
			name = WeexOCMarryTests;
			productName = WeexOCMarryTests;
			productReference = 9B87514A1D1D591A00132FEC /* WeexOCMarryTests.xctest */;
			productType = "com.apple.product-type.bundle.unit-test";
		};
		9B8751541D1D591A00132FEC /* WeexOCMarryUITests */ = {
			isa = PBXNativeTarget;
			buildConfigurationList = 9B8751641D1D591A00132FEC /* Build configuration list for PBXNativeTarget "WeexOCMarryUITests" */;
			buildPhases = (
				9B8751511D1D591A00132FEC /* Sources */,
				9B8751521D1D591A00132FEC /* Frameworks */,
				9B8751531D1D591A00132FEC /* Resources */,
			);
			buildRules = (
			);
			dependencies = (
				9B8751571D1D591A00132FEC /* PBXTargetDependency */,
			);
			name = WeexOCMarryUITests;
			productName = WeexOCMarryUITests;
			productReference = 9B8751551D1D591A00132FEC /* WeexOCMarryUITests.xctest */;
			productType = "com.apple.product-type.bundle.ui-testing";
		};
/* End PBXNativeTarget section */

/* Begin PBXProject section */
		9B8751291D1D591A00132FEC /* Project object */ = {
			isa = PBXProject;
			attributes = {
				LastUpgradeCheck = 0730;
				ORGANIZATIONNAME = "极客栈";
				TargetAttributes = {
					9B8751301D1D591A00132FEC = {
						CreatedOnToolsVersion = 7.3;
					};
					9B8751491D1D591A00132FEC = {
						CreatedOnToolsVersion = 7.3;
						TestTargetID = 9B8751301D1D591A00132FEC;
					};
					9B8751541D1D591A00132FEC = {
						CreatedOnToolsVersion = 7.3;
						TestTargetID = 9B8751301D1D591A00132FEC;
					};
				};
			};
			buildConfigurationList = 9B87512C1D1D591A00132FEC /* Build configuration list for PBXProject "WeexOCMarry" */;
			compatibilityVersion = "Xcode 3.2";
			developmentRegion = English;
			hasScannedForEncodings = 0;
			knownRegions = (
				en,
				Base,
			);
			mainGroup = 9B8751281D1D591A00132FEC;
			productRefGroup = 9B8751321D1D591A00132FEC /* Products */;
			projectDirPath = "";
			projectRoot = "";
			targets = (
				9B8751301D1D591A00132FEC /* WeexOCMarry */,
				9B8751491D1D591A00132FEC /* WeexOCMarryTests */,
				9B8751541D1D591A00132FEC /* WeexOCMarryUITests */,
			);
		};
/* End PBXProject section */

/* Begin PBXResourcesBuildPhase section */
		9B87512F1D1D591A00132FEC /* Resources */ = {
			isa = PBXResourcesBuildPhase;
			buildActionMask = 2147483647;
			files = (
				9B8751441D1D591A00132FEC /* LaunchScreen.storyboard in Resources */,
				9B8751411D1D591A00132FEC /* Assets.xcassets in Resources */,
				9B87513F1D1D591A00132FEC /* Main.storyboard in Resources */,
			);
			runOnlyForDeploymentPostprocessing = 0;
		};
		9B8751481D1D591A00132FEC /* Resources */ = {
			isa = PBXResourcesBuildPhase;
			buildActionMask = 2147483647;
			files = (
			);
			runOnlyForDeploymentPostprocessing = 0;
		};
		9B8751531D1D591A00132FEC /* Resources */ = {
			isa = PBXResourcesBuildPhase;
			buildActionMask = 2147483647;
			files = (
			);
			runOnlyForDeploymentPostprocessing = 0;
		};
/* End PBXResourcesBuildPhase section */

/* Begin PBXShellScriptBuildPhase section */
		55FF81C7B73E29DB040F02B7 /* Check Pods Manifest.lock */ = {
			isa = PBXShellScriptBuildPhase;
			buildActionMask = 2147483647;
			files = (
			);
			inputPaths = (
			);
			name = "Check Pods Manifest.lock";
			outputPaths = (
			);
			runOnlyForDeploymentPostprocessing = 0;
			shellPath = /bin/sh;
			shellScript = "diff \"${PODS_ROOT}/../Podfile.lock\" \"${PODS_ROOT}/Manifest.lock\" > /dev/null\nif [[ $? != 0 ]] ; then\n    cat << EOM\nerror: The sandbox is not in sync with the Podfile.lock. Run 'pod install' or update your CocoaPods installation.\nEOM\n    exit 1\nfi\n";
			showEnvVarsInLog = 0;
		};
		A26626562E7FB9BC141AFD65 /* Embed Pods Frameworks */ = {
			isa = PBXShellScriptBuildPhase;
			buildActionMask = 2147483647;
			files = (
			);
			inputPaths = (
			);
			name = "Embed Pods Frameworks";
			outputPaths = (
			);
			runOnlyForDeploymentPostprocessing = 0;
			shellPath = /bin/sh;
			shellScript = "\"${SRCROOT}/Pods/Target Support Files/Pods-WeexOCMarry/Pods-WeexOCMarry-frameworks.sh\"\n";
			showEnvVarsInLog = 0;
		};
		FB5F21C7B22BB203A3EE7B67 /* Copy Pods Resources */ = {
			isa = PBXShellScriptBuildPhase;
			buildActionMask = 2147483647;
			files = (
			);
			inputPaths = (
			);
			name = "Copy Pods Resources";
			outputPaths = (
			);
			runOnlyForDeploymentPostprocessing = 0;
			shellPath = /bin/sh;
			shellScript = "\"${SRCROOT}/Pods/Target Support Files/Pods-WeexOCMarry/Pods-WeexOCMarry-resources.sh\"\n";
			showEnvVarsInLog = 0;
		};
/* End PBXShellScriptBuildPhase section */

/* Begin PBXSourcesBuildPhase section */
		9B87512D1D1D591A00132FEC /* Sources */ = {
			isa = PBXSourcesBuildPhase;
			buildActionMask = 2147483647;
			files = (
				9B87513C1D1D591A00132FEC /* ViewController.m in Sources */,
				9B8751391D1D591A00132FEC /* AppDelegate.m in Sources */,
				9B8751361D1D591A00132FEC /* main.m in Sources */,
			);
			runOnlyForDeploymentPostprocessing = 0;
		};
		9B8751461D1D591A00132FEC /* Sources */ = {
			isa = PBXSourcesBuildPhase;
			buildActionMask = 2147483647;
			files = (
				9B87514F1D1D591A00132FEC /* WeexOCMarryTests.m in Sources */,
			);
			runOnlyForDeploymentPostprocessing = 0;
		};
		9B8751511D1D591A00132FEC /* Sources */ = {
			isa = PBXSourcesBuildPhase;
			buildActionMask = 2147483647;
			files = (
				9B87515A1D1D591A00132FEC /* WeexOCMarryUITests.m in Sources */,
			);
			runOnlyForDeploymentPostprocessing = 0;
		};
/* End PBXSourcesBuildPhase section */

/* Begin PBXTargetDependency section */
		9B87514C1D1D591A00132FEC /* PBXTargetDependency */ = {
			isa = PBXTargetDependency;
			target = 9B8751301D1D591A00132FEC /* WeexOCMarry */;
			targetProxy = 9B87514B1D1D591A00132FEC /* PBXContainerItemProxy */;
		};
		9B8751571D1D591A00132FEC /* PBXTargetDependency */ = {
			isa = PBXTargetDependency;
			target = 9B8751301D1D591A00132FEC /* WeexOCMarry */;
			targetProxy = 9B8751561D1D591A00132FEC /* PBXContainerItemProxy */;
		};
/* End PBXTargetDependency section */

/* Begin PBXVariantGroup section */
		9B87513D1D1D591A00132FEC /* Main.storyboard */ = {
			isa = PBXVariantGroup;
			children = (
				9B87513E1D1D591A00132FEC /* Base */,
			);
			name = Main.storyboard;
			sourceTree = "<group>";
		};
		9B8751421D1D591A00132FEC /* LaunchScreen.storyboard */ = {
			isa = PBXVariantGroup;
			children = (
				9B8751431D1D591A00132FEC /* Base */,
			);
			name = LaunchScreen.storyboard;
			sourceTree = "<group>";
		};
/* End PBXVariantGroup section */

/* Begin XCBuildConfiguration section */
		9B87515C1D1D591A00132FEC /* Debug */ = {
			isa = XCBuildConfiguration;
			buildSettings = {
				ALWAYS_SEARCH_USER_PATHS = NO;
				CLANG_ANALYZER_NONNULL = YES;
				CLANG_CXX_LANGUAGE_STANDARD = "gnu++0x";
				CLANG_CXX_LIBRARY = "libc++";
				CLANG_ENABLE_MODULES = YES;
				CLANG_ENABLE_OBJC_ARC = YES;
				CLANG_WARN_BOOL_CONVERSION = YES;
				CLANG_WARN_CONSTANT_CONVERSION = YES;
				CLANG_WARN_DIRECT_OBJC_ISA_USAGE = YES_ERROR;
				CLANG_WARN_EMPTY_BODY = YES;
				CLANG_WARN_ENUM_CONVERSION = YES;
				CLANG_WARN_INT_CONVERSION = YES;
				CLANG_WARN_OBJC_ROOT_CLASS = YES_ERROR;
				CLANG_WARN_UNREACHABLE_CODE = YES;
				CLANG_WARN__DUPLICATE_METHOD_MATCH = YES;
				"CODE_SIGN_IDENTITY[sdk=iphoneos*]" = "iPhone Developer";
				COPY_PHASE_STRIP = NO;
				DEBUG_INFORMATION_FORMAT = dwarf;
				ENABLE_STRICT_OBJC_MSGSEND = YES;
				ENABLE_TESTABILITY = YES;
				GCC_C_LANGUAGE_STANDARD = gnu99;
				GCC_DYNAMIC_NO_PIC = NO;
				GCC_NO_COMMON_BLOCKS = YES;
				GCC_OPTIMIZATION_LEVEL = 0;
				GCC_PREPROCESSOR_DEFINITIONS = (
					"DEBUG=1",
					"$(inherited)",
				);
				GCC_WARN_64_TO_32_BIT_CONVERSION = YES;
				GCC_WARN_ABOUT_RETURN_TYPE = YES_ERROR;
				GCC_WARN_UNDECLARED_SELECTOR = YES;
				GCC_WARN_UNINITIALIZED_AUTOS = YES_AGGRESSIVE;
				GCC_WARN_UNUSED_FUNCTION = YES;
				GCC_WARN_UNUSED_VARIABLE = YES;
				IPHONEOS_DEPLOYMENT_TARGET = 9.3;
				MTL_ENABLE_DEBUG_INFO = YES;
				ONLY_ACTIVE_ARCH = YES;
				SDKROOT = iphoneos;
				TARGETED_DEVICE_FAMILY = "1,2";
			};
			name = Debug;
		};
		9B87515D1D1D591A00132FEC /* Release */ = {
			isa = XCBuildConfiguration;
			buildSettings = {
				ALWAYS_SEARCH_USER_PATHS = NO;
				CLANG_ANALYZER_NONNULL = YES;
				CLANG_CXX_LANGUAGE_STANDARD = "gnu++0x";
				CLANG_CXX_LIBRARY = "libc++";
				CLANG_ENABLE_MODULES = YES;
				CLANG_ENABLE_OBJC_ARC = YES;
				CLANG_WARN_BOOL_CONVERSION = YES;
				CLANG_WARN_CONSTANT_CONVERSION = YES;
				CLANG_WARN_DIRECT_OBJC_ISA_USAGE = YES_ERROR;
				CLANG_WARN_EMPTY_BODY = YES;
				CLANG_WARN_ENUM_CONVERSION = YES;
				CLANG_WARN_INT_CONVERSION = YES;
				CLANG_WARN_OBJC_ROOT_CLASS = YES_ERROR;
				CLANG_WARN_UNREACHABLE_CODE = YES;
				CLANG_WARN__DUPLICATE_METHOD_MATCH = YES;
				"CODE_SIGN_IDENTITY[sdk=iphoneos*]" = "iPhone Developer";
				COPY_PHASE_STRIP = NO;
				DEBUG_INFORMATION_FORMAT = "dwarf-with-dsym";
				ENABLE_NS_ASSERTIONS = NO;
				ENABLE_STRICT_OBJC_MSGSEND = YES;
				GCC_C_LANGUAGE_STANDARD = gnu99;
				GCC_NO_COMMON_BLOCKS = YES;
				GCC_WARN_64_TO_32_BIT_CONVERSION = YES;
				GCC_WARN_ABOUT_RETURN_TYPE = YES_ERROR;
				GCC_WARN_UNDECLARED_SELECTOR = YES;
				GCC_WARN_UNINITIALIZED_AUTOS = YES_AGGRESSIVE;
				GCC_WARN_UNUSED_FUNCTION = YES;
				GCC_WARN_UNUSED_VARIABLE = YES;
				IPHONEOS_DEPLOYMENT_TARGET = 9.3;
				MTL_ENABLE_DEBUG_INFO = NO;
				SDKROOT = iphoneos;
				TARGETED_DEVICE_FAMILY = "1,2";
				VALIDATE_PRODUCT = YES;
			};
			name = Release;
		};
		9B87515F1D1D591A00132FEC /* Debug */ = {
			isa = XCBuildConfiguration;
			baseConfigurationReference = FA425629AD0ABDBB413F088D /* Pods-WeexOCMarry.debug.xcconfig */;
			buildSettings = {
				ASSETCATALOG_COMPILER_APPICON_NAME = AppIcon;
				CODE_SIGN_IDENTITY = "iPhone Developer";
				INFOPLIST_FILE = WeexOCMarry/Info.plist;
				IPHONEOS_DEPLOYMENT_TARGET = 7.0;
				LD_RUNPATH_SEARCH_PATHS = "$(inherited) @executable_path/Frameworks";
				PRODUCT_BUNDLE_IDENTIFIER = com.codinghacker.WeexOCMarry;
				PRODUCT_NAME = "$(TARGET_NAME)";
			};
			name = Debug;
		};
		9B8751601D1D591A00132FEC /* Release */ = {
			isa = XCBuildConfiguration;
			baseConfigurationReference = 2D41AF34746A023169913E58 /* Pods-WeexOCMarry.release.xcconfig */;
			buildSettings = {
				ASSETCATALOG_COMPILER_APPICON_NAME = AppIcon;
				CODE_SIGN_IDENTITY = "iPhone Developer";
				INFOPLIST_FILE = WeexOCMarry/Info.plist;
				IPHONEOS_DEPLOYMENT_TARGET = 7.0;
				LD_RUNPATH_SEARCH_PATHS = "$(inherited) @executable_path/Frameworks";
				PRODUCT_BUNDLE_IDENTIFIER = com.codinghacker.WeexOCMarry;
				PRODUCT_NAME = "$(TARGET_NAME)";
			};
			name = Release;
		};
		9B8751621D1D591A00132FEC /* Debug */ = {
			isa = XCBuildConfiguration;
			buildSettings = {
				BUNDLE_LOADER = "$(TEST_HOST)";
				INFOPLIST_FILE = WeexOCMarryTests/Info.plist;
				LD_RUNPATH_SEARCH_PATHS = "$(inherited) @executable_path/Frameworks @loader_path/Frameworks";
				PRODUCT_BUNDLE_IDENTIFIER = com.codinghacker.WeexOCMarryTests;
				PRODUCT_NAME = "$(TARGET_NAME)";
				TEST_HOST = "$(BUILT_PRODUCTS_DIR)/WeexOCMarry.app/WeexOCMarry";
			};
			name = Debug;
		};
		9B8751631D1D591A00132FEC /* Release */ = {
			isa = XCBuildConfiguration;
			buildSettings = {
				BUNDLE_LOADER = "$(TEST_HOST)";
				INFOPLIST_FILE = WeexOCMarryTests/Info.plist;
				LD_RUNPATH_SEARCH_PATHS = "$(inherited) @executable_path/Frameworks @loader_path/Frameworks";
				PRODUCT_BUNDLE_IDENTIFIER = com.codinghacker.WeexOCMarryTests;
				PRODUCT_NAME = "$(TARGET_NAME)";
				TEST_HOST = "$(BUILT_PRODUCTS_DIR)/WeexOCMarry.app/WeexOCMarry";
			};
			name = Release;
		};
		9B8751651D1D591A00132FEC /* Debug */ = {
			isa = XCBuildConfiguration;
			buildSettings = {
				INFOPLIST_FILE = WeexOCMarryUITests/Info.plist;
				LD_RUNPATH_SEARCH_PATHS = "$(inherited) @executable_path/Frameworks @loader_path/Frameworks";
				PRODUCT_BUNDLE_IDENTIFIER = com.codinghacker.WeexOCMarryUITests;
				PRODUCT_NAME = "$(TARGET_NAME)";
				TEST_TARGET_NAME = WeexOCMarry;
			};
			name = Debug;
		};
		9B8751661D1D591A00132FEC /* Release */ = {
			isa = XCBuildConfiguration;
			buildSettings = {
				INFOPLIST_FILE = WeexOCMarryUITests/Info.plist;
				LD_RUNPATH_SEARCH_PATHS = "$(inherited) @executable_path/Frameworks @loader_path/Frameworks";
				PRODUCT_BUNDLE_IDENTIFIER = com.codinghacker.WeexOCMarryUITests;
				PRODUCT_NAME = "$(TARGET_NAME)";
				TEST_TARGET_NAME = WeexOCMarry;
			};
			name = Release;
		};
/* End XCBuildConfiguration section */

/* Begin XCConfigurationList section */
		9B87512C1D1D591A00132FEC /* Build configuration list for PBXProject "WeexOCMarry" */ = {
			isa = XCConfigurationList;
			buildConfigurations = (
				9B87515C1D1D591A00132FEC /* Debug */,
				9B87515D1D1D591A00132FEC /* Release */,
			);
			defaultConfigurationIsVisible = 0;
			defaultConfigurationName = Release;
		};
		9B87515E1D1D591A00132FEC /* Build configuration list for PBXNativeTarget "WeexOCMarry" */ = {
			isa = XCConfigurationList;
			buildConfigurations = (
				9B87515F1D1D591A00132FEC /* Debug */,
				9B8751601D1D591A00132FEC /* Release */,
			);
			defaultConfigurationIsVisible = 0;
			defaultConfigurationName = Release;
		};
		9B8751611D1D591A00132FEC /* Build configuration list for PBXNativeTarget "WeexOCMarryTests" */ = {
			isa = XCConfigurationList;
			buildConfigurations = (
				9B8751621D1D591A00132FEC /* Debug */,
				9B8751631D1D591A00132FEC /* Release */,
			);
			defaultConfigurationIsVisible = 0;
			defaultConfigurationName = Release;
		};
		9B8751641D1D591A00132FEC /* Build configuration list for PBXNativeTarget "WeexOCMarryUITests" */ = {
			isa = XCConfigurationList;
			buildConfigurations = (
				9B8751651D1D591A00132FEC /* Debug */,
				9B8751661D1D591A00132FEC /* Release */,
			);
			defaultConfigurationIsVisible = 0;
			defaultConfigurationName = Release;
		};
/* End XCConfigurationList section */
	};
	rootObject = 9B8751291D1D591A00132FEC /* Project object */;
}
